
Microsoft Visual Studio Solution File, Format Version 12.00
# Visual Studio Version 17
VisualStudioVersion = 17.6.33829.357
MinimumVisualStudioVersion = 10.0.40219.1
Project("{8BC9CEB8-8B4A-11D0-8D11-00A0C91BC942}") = "6", "6.vcxproj", "{E284DADF-F67B-4137-BA85-1EF0F49EAAAE}"
EndProject
Global
	GlobalSection(SolutionConfigurationPlatforms) = preSolution
		Debug|x64 = Debug|x64
		Debug|x86 = Debug|x86
		Release|x64 = Release|x64
		Release|x86 = Release|x86
	EndGlobalSection
	GlobalSection(ProjectConfigurationPlatforms) = postSolution
		{E284DADF-F67B-4137-BA85-1EF0F49EAAAE}.Debug|x64.ActiveCfg = Debug|x64
		{E284DADF-F67B-4137-BA85-1EF0F49EAAAE}.Debug|x64.Build.0 = Debug|x64
		{E284DADF-F67B-4137-BA85-1EF0F49EAAAE}.Debug|x86.ActiveCfg = Debug|Win32
		{E284DADF-F67B-4137-BA85-1EF0F49EAAAE}.Debug|x86.Build.0 = Debug|Win32
		{E284DADF-F67B-4137-BA85-1EF0F49EAAAE}.Release|x64.ActiveCfg = Release|x64
		{E284DADF-F67B-4137-BA85-1EF0F49EAAAE}.Release|x64.Build.0 = Release|x64
		{E284DADF-F67B-4137-BA85-1EF0F49EAAAE}.Release|x86.ActiveCfg = Release|Win32
		{E284DADF-F67B-4137-BA85-1EF0F49EAAAE}.Release|x86.Build.0 = Release|Win32
	EndGlobalSection
	GlobalSection(SolutionProperties) = preSolution
		HideSolutionNode = FALSE
	EndGlobalSection
	GlobalSection(ExtensibilityGlobals) = postSolution
		SolutionGuid = {5756210D-C7AA-4DAF-8C29-81315550F2CF}
	EndGlobalSection
EndGlobal
